
Microsoft Visual Studio Solution File, Format Version 12.00
# Visual Studio Version 17
VisualStudioVersion = 17.0.32112.339
MinimumVisualStudioVersion = 10.0.40219.1
Project("{9A19103F-16F7-4668-BE54-9A1E7A4F7556}") = "PeselWalidator", "PeselGenerator\PeselWalidator.csproj", "{07F9AFCD-1314-4702-BB3C-53186F1699EE}"
EndProject
Project("{9A19103F-16F7-4668-BE54-9A1E7A4F7556}") = "TestProjectPeselWalidator", "TestProjectPeselWalidator\TestProjectPeselWalidator.csproj", "{80147323-B616-4E2D-84AE-5A15B146875F}"
EndProject
Global
	GlobalSection(SolutionConfigurationPlatforms) = preSolution
		Debug|Any CPU = Debug|Any CPU
		Release|Any CPU = Release|Any CPU
	EndGlobalSection
	GlobalSection(ProjectConfigurationPlatforms) = postSolution
		{07F9AFCD-1314-4702-BB3C-53186F1699EE}.Debug|Any CPU.ActiveCfg = Debug|Any CPU
		{07F9AFCD-1314-4702-BB3C-53186F1699EE}.Debug|Any CPU.Build.0 = Debug|Any CPU
		{07F9AFCD-1314-4702-BB3C-53186F1699EE}.Release|Any CPU.ActiveCfg = Release|Any CPU
		{07F9AFCD-1314-4702-BB3C-53186F1699EE}.Release|Any CPU.Build.0 = Release|Any CPU
		{80147323-B616-4E2D-84AE-5A15B146875F}.Debug|Any CPU.ActiveCfg = Debug|Any CPU
		{80147323-B616-4E2D-84AE-5A15B146875F}.Debug|Any CPU.Build.0 = Debug|Any CPU
		{80147323-B616-4E2D-84AE-5A15B146875F}.Release|Any CPU.ActiveCfg = Release|Any CPU
		{80147323-B616-4E2D-84AE-5A15B146875F}.Release|Any CPU.Build.0 = Release|Any CPU
	EndGlobalSection
	GlobalSection(SolutionProperties) = preSolution
		HideSolutionNode = FALSE
	EndGlobalSection
	GlobalSection(ExtensibilityGlobals) = postSolution
		SolutionGuid = {0E5F1E4A-51FA-45F2-BE2E-301B85270832}
	EndGlobalSection
EndGlobal
